
Microsoft Visual Studio Solution File, Format Version 12.00
# Visual Studio Version 17
VisualStudioVersion = 17.11.35222.181
MinimumVisualStudioVersion = 10.0.40219.1
Project("{FAE04EC0-301F-11D3-BF4B-00C04F79EFBC}") = "StoreManagerPro", "StoreManagerPro\StoreManagerPro.csproj", "{EE11997A-C905-432B-9AE6-DA67F61E5B12}"
EndProject
Global
	GlobalSection(SolutionConfigurationPlatforms) = preSolution
		Debug|Any CPU = Debug|Any CPU
		Release|Any CPU = Release|Any CPU
	EndGlobalSection
	GlobalSection(ProjectConfigurationPlatforms) = postSolution
		{EE11997A-C905-432B-9AE6-DA67F61E5B12}.Debug|Any CPU.ActiveCfg = Debug|Any CPU
		{EE11997A-C905-432B-9AE6-DA67F61E5B12}.Debug|Any CPU.Build.0 = Debug|Any CPU
		{EE11997A-C905-432B-9AE6-DA67F61E5B12}.Release|Any CPU.ActiveCfg = Release|Any CPU
		{EE11997A-C905-432B-9AE6-DA67F61E5B12}.Release|Any CPU.Build.0 = Release|Any CPU
	EndGlobalSection
	GlobalSection(SolutionProperties) = preSolution
		HideSolutionNode = FALSE
	EndGlobalSection
	GlobalSection(ExtensibilityGlobals) = postSolution
		SolutionGuid = {0F489AE8-3F09-4872-8553-6D22DF9D2737}
	EndGlobalSection
EndGlobal
